
Microsoft Visual Studio Solution File, Format Version 12.00
# Visual Studio Version 16
VisualStudioVersion = 16.0.31005.135
MinimumVisualStudioVersion = 10.0.40219.1
Project("{FAE04EC0-301F-11D3-BF4B-00C04F79EFBC}") = "cache-worker", "cache-worker\cache-worker.csproj", "{6447D458-8417-45FD-B47D-C9BEE2F6A60C}"
EndProject
Global
	GlobalSection(SolutionConfigurationPlatforms) = preSolution
		Debug|Any CPU = Debug|Any CPU
		Release|Any CPU = Release|Any CPU
	EndGlobalSection
	GlobalSection(ProjectConfigurationPlatforms) = postSolution
		{6447D458-8417-45FD-B47D-C9BEE2F6A60C}.Debug|Any CPU.ActiveCfg = Debug|Any CPU
		{6447D458-8417-45FD-B47D-C9BEE2F6A60C}.Debug|Any CPU.Build.0 = Debug|Any CPU
		{6447D458-8417-45FD-B47D-C9BEE2F6A60C}.Release|Any CPU.ActiveCfg = Release|Any CPU
		{6447D458-8417-45FD-B47D-C9BEE2F6A60C}.Release|Any CPU.Build.0 = Release|Any CPU
	EndGlobalSection
	GlobalSection(SolutionProperties) = preSolution
		HideSolutionNode = FALSE
	EndGlobalSection
	GlobalSection(ExtensibilityGlobals) = postSolution
		SolutionGuid = {EDAC9EAE-8149-4226-A938-74BB886C0874}
	EndGlobalSection
EndGlobal
